// !$*UTF8*$!
{
	archiveVersion = 1;
	classes = {
	};
	objectVersion = 46;
	objects = {

/* Begin PBXBuildFile section */
		B13085EA197F653A00093A77 /* main.m in Sources */ = {isa = PBXBuildFile; fileRef = B13085E9197F653A00093A77 /* main.m */; };
		B13085ED197F653A00093A77 /* AppDelegate.m in Sources */ = {isa = PBXBuildFile; fileRef = B13085EC197F653A00093A77 /* AppDelegate.m */; };
		B13085F0197F653A00093A77 /* ViewController.m in Sources */ = {isa = PBXBuildFile; fileRef = B13085EF197F653A00093A77 /* ViewController.m */; };
		B13085F3197F653A00093A77 /* Main.storyboard in Resources */ = {isa = PBXBuildFile; fileRef = B13085F1197F653A00093A77 /* Main.storyboard */; };
		B13085F5197F653A00093A77 /* Images.xcassets in Resources */ = {isa = PBXBuildFile; fileRef = B13085F4197F653A00093A77 /* Images.xcassets */; };
		B1308601197F653A00093A77 /* TestOCLint1Tests.m in Sources */ = {isa = PBXBuildFile; fileRef = B1308600197F653A00093A77 /* TestOCLint1Tests.m */; };
		B130860B197F670500093A77 /* sonar-project.properties in Resources */ = {isa = PBXBuildFile; fileRef = B130860A197F670500093A77 /* sonar-project.properties */; };
		B1DB146B1982390D00EC79C4 /* run-sonar.sh in Resources */ = {isa = PBXBuildFile; fileRef = B1DB146A1982390D00EC79C4 /* run-sonar.sh */; };
/* End PBXBuildFile section */

/* Begin PBXContainerItemProxy section */
		B13085FB197F653A00093A77 /* PBXContainerItemProxy */ = {
			isa = PBXContainerItemProxy;
			containerPortal = B13085DC197F653A00093A77 /* Project object */;
			proxyType = 1;
			remoteGlobalIDString = B13085E3197F653A00093A77;
			remoteInfo = TestOCLint1;
		};
/* End PBXContainerItemProxy section */

/* Begin PBXFileReference section */
		B13085E4197F653A00093A77 /* TestOCLint1.app */ = {isa = PBXFileReference; explicitFileType = wrapper.application; includeInIndex = 0; path = TestOCLint1.app; sourceTree = BUILT_PRODUCTS_DIR; };
		B13085E8197F653A00093A77 /* Info.plist */ = {isa = PBXFileReference; lastKnownFileType = text.plist.xml; path = Info.plist; sourceTree = "<group>"; };
		B13085E9197F653A00093A77 /* main.m */ = {isa = PBXFileReference; lastKnownFileType = sourcecode.c.objc; path = main.m; sourceTree = "<group>"; };
		B13085EB197F653A00093A77 /* AppDelegate.h */ = {isa = PBXFileReference; lastKnownFileType = sourcecode.c.h; path = AppDelegate.h; sourceTree = "<group>"; };
		B13085EC197F653A00093A77 /* AppDelegate.m */ = {isa = PBXFileReference; lastKnownFileType = sourcecode.c.objc; path = AppDelegate.m; sourceTree = "<group>"; };
		B13085EE197F653A00093A77 /* ViewController.h */ = {isa = PBXFileReference; lastKnownFileType = sourcecode.c.h; path = ViewController.h; sourceTree = "<group>"; };
		B13085EF197F653A00093A77 /* ViewController.m */ = {isa = PBXFileReference; lastKnownFileType = sourcecode.c.objc; path = ViewController.m; sourceTree = "<group>"; };
		B13085F2197F653A00093A77 /* Base */ = {isa = PBXFileReference; lastKnownFileType = file.storyboard; name = Base; path = Base.lproj/Main.storyboard; sourceTree = "<group>"; };
		B13085F4197F653A00093A77 /* Images.xcassets */ = {isa = PBXFileReference; lastKnownFileType = folder.assetcatalog; path = Images.xcassets; sourceTree = "<group>"; };
		B13085FA197F653A00093A77 /* TestOCLint1Tests.xctest */ = {isa = PBXFileReference; explicitFileType = wrapper.cfbundle; includeInIndex = 0; path = TestOCLint1Tests.xctest; sourceTree = BUILT_PRODUCTS_DIR; };
		B13085FF197F653A00093A77 /* Info.plist */ = {isa = PBXFileReference; lastKnownFileType = text.plist.xml; path = Info.plist; sourceTree = "<group>"; };
		B1308600197F653A00093A77 /* TestOCLint1Tests.m */ = {isa = PBXFileReference; lastKnownFileType = sourcecode.c.objc; path = TestOCLint1Tests.m; sourceTree = "<group>"; };
		B130860A197F670500093A77 /* sonar-project.properties */ = {isa = PBXFileReference; fileEncoding = 4; lastKnownFileType = text; path = "sonar-project.properties"; sourceTree = "<group>"; };
		B1DB146A1982390D00EC79C4 /* run-sonar.sh */ = {isa = PBXFileReference; fileEncoding = 4; lastKnownFileType = text.script.sh; path = "run-sonar.sh"; sourceTree = "<group>"; };
/* End PBXFileReference section */

/* Begin PBXFrameworksBuildPhase section */
		B13085E1197F653A00093A77 /* Frameworks */ = {
			isa = PBXFrameworksBuildPhase;
			buildActionMask = 2147483647;
			files = (
			);
			runOnlyForDeploymentPostprocessing = 0;
		};
		B13085F7197F653A00093A77 /* Frameworks */ = {
			isa = PBXFrameworksBuildPhase;
			buildActionMask = 2147483647;
			files = (
			);
			runOnlyForDeploymentPostprocessing = 0;
		};
/* End PBXFrameworksBuildPhase section */

/* Begin PBXGroup section */
		B13085DB197F653A00093A77 = {
			isa = PBXGroup;
			children = (
				B1DB146A1982390D00EC79C4 /* run-sonar.sh */,
				B130860A197F670500093A77 /* sonar-project.properties */,
				B13085E6197F653A00093A77 /* TestOCLint1 */,
				B13085FD197F653A00093A77 /* TestOCLint1Tests */,
				B13085E5197F653A00093A77 /* Products */,
			);
			sourceTree = "<group>";
		};
		B13085E5197F653A00093A77 /* Products */ = {
			isa = PBXGroup;
			children = (
				B13085E4197F653A00093A77 /* TestOCLint1.app */,
				B13085FA197F653A00093A77 /* TestOCLint1Tests.xctest */,
			);
			name = Products;
			sourceTree = "<group>";
		};
		B13085E6197F653A00093A77 /* TestOCLint1 */ = {
			isa = PBXGroup;
			children = (
				B13085EB197F653A00093A77 /* AppDelegate.h */,
				B13085EC197F653A00093A77 /* AppDelegate.m */,
				B13085EE197F653A00093A77 /* ViewController.h */,
				B13085EF197F653A00093A77 /* ViewController.m */,
				B13085F1197F653A00093A77 /* Main.storyboard */,
				B13085F4197F653A00093A77 /* Images.xcassets */,
				B13085E7197F653A00093A77 /* Supporting Files */,
			);
			path = TestOCLint1;
			sourceTree = "<group>";
		};
		B13085E7197F653A00093A77 /* Supporting Files */ = {
			isa = PBXGroup;
			children = (
				B13085E8197F653A00093A77 /* Info.plist */,
				B13085E9197F653A00093A77 /* main.m */,
			);
			name = "Supporting Files";
			sourceTree = "<group>";
		};
		B13085FD197F653A00093A77 /* TestOCLint1Tests */ = {
			isa = PBXGroup;
			children = (
				B1308600197F653A00093A77 /* TestOCLint1Tests.m */,
				B13085FE197F653A00093A77 /* Supporting Files */,
			);
			path = TestOCLint1Tests;
			sourceTree = "<group>";
		};
		B13085FE197F653A00093A77 /* Supporting Files */ = {
			isa = PBXGroup;
			children = (
				B13085FF197F653A00093A77 /* Info.plist */,
			);
			name = "Supporting Files";
			sourceTree = "<group>";
		};
/* End PBXGroup section */

/* Begin PBXNativeTarget section */
		B13085E3197F653A00093A77 /* TestOCLint1 */ = {
			isa = PBXNativeTarget;
			buildConfigurationList = B1308604197F653A00093A77 /* Build configuration list for PBXNativeTarget "TestOCLint1" */;
			buildPhases = (
				B13085E0197F653A00093A77 /* Sources */,
				B13085E1197F653A00093A77 /* Frameworks */,
				B13085E2197F653A00093A77 /* Resources */,
			);
			buildRules = (
			);
			dependencies = (
			);
			name = TestOCLint1;
			productName = TestOCLint1;
			productReference = B13085E4197F653A00093A77 /* TestOCLint1.app */;
			productType = "com.apple.product-type.application";
		};
		B13085F9197F653A00093A77 /* TestOCLint1Tests */ = {
			isa = PBXNativeTarget;
			buildConfigurationList = B1308607197F653A00093A77 /* Build configuration list for PBXNativeTarget "TestOCLint1Tests" */;
			buildPhases = (
				B13085F6197F653A00093A77 /* Sources */,
				B13085F7197F653A00093A77 /* Frameworks */,
				B13085F8197F653A00093A77 /* Resources */,
			);
			buildRules = (
			);
			dependencies = (
				B13085FC197F653A00093A77 /* PBXTargetDependency */,
			);
			name = TestOCLint1Tests;
			productName = TestOCLint1Tests;
			productReference = B13085FA197F653A00093A77 /* TestOCLint1Tests.xctest */;
			productType = "com.apple.product-type.bundle.unit-test";
		};
/* End PBXNativeTarget section */

/* Begin PBXProject section */
		B13085DC197F653A00093A77 /* Project object */ = {
			isa = PBXProject;
			attributes = {
				LastUpgradeCheck = 0600;
				ORGANIZATIONNAME = administrator;
				TargetAttributes = {
					B13085E3197F653A00093A77 = {
						CreatedOnToolsVersion = 6.0;
					};
					B13085F9197F653A00093A77 = {
						CreatedOnToolsVersion = 6.0;
						TestTargetID = B13085E3197F653A00093A77;
					};
				};
			};
			buildConfigurationList = B13085DF197F653A00093A77 /* Build configuration list for PBXProject "TestOCLint1" */;
			compatibilityVersion = "Xcode 3.2";
			developmentRegion = English;
			hasScannedForEncodings = 0;
			knownRegions = (
				en,
				Base,
			);
			mainGroup = B13085DB197F653A00093A77;
			productRefGroup = B13085E5197F653A00093A77 /* Products */;
			projectDirPath = "";
			projectRoot = "";
			targets = (
				B13085E3197F653A00093A77 /* TestOCLint1 */,
				B13085F9197F653A00093A77 /* TestOCLint1Tests */,
			);
		};
/* End PBXProject section */

/* Begin PBXResourcesBuildPhase section */
		B13085E2197F653A00093A77 /* Resources */ = {
			isa = PBXResourcesBuildPhase;
			buildActionMask = 2147483647;
			files = (
				B130860B197F670500093A77 /* sonar-project.properties in Resources */,
				B13085F3197F653A00093A77 /* Main.storyboard in Resources */,
				B1DB146B1982390D00EC79C4 /* run-sonar.sh in Resources */,
				B13085F5197F653A00093A77 /* Images.xcassets in Resources */,
			);
			runOnlyForDeploymentPostprocessing = 0;
		};
		B13085F8197F653A00093A77 /* Resources */ = {
			isa = PBXResourcesBuildPhase;
			buildActionMask = 2147483647;
			files = (
			);
			runOnlyForDeploymentPostprocessing = 0;
		};
/* End PBXResourcesBuildPhase section */

/* Begin PBXSourcesBuildPhase section */
		B13085E0197F653A00093A77 /* Sources */ = {
			isa = PBXSourcesBuildPhase;
			buildActionMask = 2147483647;
			files = (
				B13085F0197F653A00093A77 /* ViewController.m in Sources */,
				B13085ED197F653A00093A77 /* AppDelegate.m in Sources */,
				B13085EA197F653A00093A77 /* main.m in Sources */,
			);
			runOnlyForDeploymentPostprocessing = 0;
		};
		B13085F6197F653A00093A77 /* Sources */ = {
			isa = PBXSourcesBuildPhase;
			buildActionMask = 2147483647;
			files = (
				B1308601197F653A00093A77 /* TestOCLint1Tests.m in Sources */,
			);
			runOnlyForDeploymentPostprocessing = 0;
		};
/* End PBXSourcesBuildPhase section */

/* Begin PBXTargetDependency section */
		B13085FC197F653A00093A77 /* PBXTargetDependency */ = {
			isa = PBXTargetDependency;
			target = B13085E3197F653A00093A77 /* TestOCLint1 */;
			targetProxy = B13085FB197F653A00093A77 /* PBXContainerItemProxy */;
		};
/* End PBXTargetDependency section */

/* Begin PBXVariantGroup section */
		B13085F1197F653A00093A77 /* Main.storyboard */ = {
			isa = PBXVariantGroup;
			children = (
				B13085F2197F653A00093A77 /* Base */,
			);
			name = Main.storyboard;
			sourceTree = "<group>";
		};
/* End PBXVariantGroup section */

/* Begin XCBuildConfiguration section */
		B1308602197F653A00093A77 /* Debug */ = {
			isa = XCBuildConfiguration;
			buildSettings = {
				ALWAYS_SEARCH_USER_PATHS = NO;
				CLANG_CXX_LANGUAGE_STANDARD = "gnu++0x";
				CLANG_CXX_LIBRARY = "libc++";
				CLANG_ENABLE_MODULES = YES;
				CLANG_ENABLE_OBJC_ARC = YES;
				CLANG_WARN_BOOL_CONVERSION = YES;
				CLANG_WARN_CONSTANT_CONVERSION = YES;
				CLANG_WARN_DIRECT_OBJC_ISA_USAGE = YES_ERROR;
				CLANG_WARN_EMPTY_BODY = YES;
				CLANG_WARN_ENUM_CONVERSION = YES;
				CLANG_WARN_INT_CONVERSION = YES;
				CLANG_WARN_OBJC_ROOT_CLASS = YES_ERROR;
				CLANG_WARN_UNREACHABLE_CODE = YES;
				CLANG_WARN__DUPLICATE_METHOD_MATCH = YES;
				CODE_SIGN_IDENTITY = "iPhone Developer: Bandhavi Vinay (ENMBG296B5)";
				"CODE_SIGN_IDENTITY[sdk=iphoneos*]" = "iPhone Developer: Bandhavi Vinay (ENMBG296B5)";
				COPY_PHASE_STRIP = NO;
				ENABLE_STRICT_OBJC_MSGSEND = YES;
				GCC_C_LANGUAGE_STANDARD = gnu99;
				GCC_DYNAMIC_NO_PIC = NO;
				GCC_OPTIMIZATION_LEVEL = 0;
				GCC_PREPROCESSOR_DEFINITIONS = (
					"DEBUG=1",
					"$(inherited)",
				);
				GCC_SYMBOLS_PRIVATE_EXTERN = NO;
				GCC_WARN_64_TO_32_BIT_CONVERSION = YES;
				GCC_WARN_ABOUT_RETURN_TYPE = YES_ERROR;
				GCC_WARN_UNDECLARED_SELECTOR = YES;
				GCC_WARN_UNINITIALIZED_AUTOS = YES_AGGRESSIVE;
				GCC_WARN_UNUSED_FUNCTION = YES;
				GCC_WARN_UNUSED_VARIABLE = YES;
				IPHONEOS_DEPLOYMENT_TARGET = 7.1;
				METAL_ENABLE_DEBUG_INFO = YES;
				ONLY_ACTIVE_ARCH = YES;
				SDKROOT = iphoneos;
			};
			name = Debug;
		};
		B1308603197F653A00093A77 /* Release */ = {
			isa = XCBuildConfiguration;
			buildSettings = {
				ALWAYS_SEARCH_USER_PATHS = NO;
				CLANG_CXX_LANGUAGE_STANDARD = "gnu++0x";
				CLANG_CXX_LIBRARY = "libc++";
				CLANG_ENABLE_MODULES = YES;
				CLANG_ENABLE_OBJC_ARC = YES;
				CLANG_WARN_BOOL_CONVERSION = YES;
				CLANG_WARN_CONSTANT_CONVERSION = YES;
				CLANG_WARN_DIRECT_OBJC_ISA_USAGE = YES_ERROR;
				CLANG_WARN_EMPTY_BODY = YES;
				CLANG_WARN_ENUM_CONVERSION = YES;
				CLANG_WARN_INT_CONVERSION = YES;
				CLANG_WARN_OBJC_ROOT_CLASS = YES_ERROR;
				CLANG_WARN_UNREACHABLE_CODE = YES;
				CLANG_WARN__DUPLICATE_METHOD_MATCH = YES;
				CODE_SIGN_IDENTITY = "iPhone Developer: Bandhavi Vinay (ENMBG296B5)";
				"CODE_SIGN_IDENTITY[sdk=iphoneos*]" = "iPhone Developer: Bandhavi Vinay (ENMBG296B5)";
				COPY_PHASE_STRIP = YES;
				ENABLE_NS_ASSERTIONS = NO;
				ENABLE_STRICT_OBJC_MSGSEND = YES;
				GCC_C_LANGUAGE_STANDARD = gnu99;
				GCC_WARN_64_TO_32_BIT_CONVERSION = YES;
				GCC_WARN_ABOUT_RETURN_TYPE = YES_ERROR;
				GCC_WARN_UNDECLARED_SELECTOR = YES;
				GCC_WARN_UNINITIALIZED_AUTOS = YES_AGGRESSIVE;
				GCC_WARN_UNUSED_FUNCTION = YES;
				GCC_WARN_UNUSED_VARIABLE = YES;
				IPHONEOS_DEPLOYMENT_TARGET = 7.1;
				METAL_ENABLE_DEBUG_INFO = NO;
				SDKROOT = iphoneos;
				VALIDATE_PRODUCT = YES;
			};
			name = Release;
		};
		B1308605197F653A00093A77 /* Debug */ = {
			isa = XCBuildConfiguration;
			buildSettings = {
				ASSETCATALOG_COMPILER_APPICON_NAME = AppIcon;
				ASSETCATALOG_COMPILER_LAUNCHIMAGE_NAME = LaunchImage;
				INFOPLIST_FILE = TestOCLint1/Info.plist;
				LD_RUNPATH_SEARCH_PATHS = "$(inherited) @executable_path/Frameworks";
				PRODUCT_NAME = "$(TARGET_NAME)";
				PROVISIONING_PROFILE = "BD3EE263-7E71-4DCA-9021-48088640B706";
			};
			name = Debug;
		};
		B1308606197F653A00093A77 /* Release */ = {
			isa = XCBuildConfiguration;
			buildSettings = {
				ASSETCATALOG_COMPILER_APPICON_NAME = AppIcon;
				ASSETCATALOG_COMPILER_LAUNCHIMAGE_NAME = LaunchImage;
				INFOPLIST_FILE = TestOCLint1/Info.plist;
				LD_RUNPATH_SEARCH_PATHS = "$(inherited) @executable_path/Frameworks";
				PRODUCT_NAME = "$(TARGET_NAME)";
				PROVISIONING_PROFILE = "BD3EE263-7E71-4DCA-9021-48088640B706";
			};
			name = Release;
		};
		B1308608197F653A00093A77 /* Debug */ = {
			isa = XCBuildConfiguration;
			buildSettings = {
				BUNDLE_LOADER = "$(BUILT_PRODUCTS_DIR)/TestOCLint1.app/TestOCLint1";
				FRAMEWORK_SEARCH_PATHS = (
					"$(SDKROOT)/Developer/Library/Frameworks",
					"$(inherited)",
				);
				GCC_PREPROCESSOR_DEFINITIONS = (
					"DEBUG=1",
					"$(inherited)",
				);
				INFOPLIST_FILE = TestOCLint1Tests/Info.plist;
				LD_RUNPATH_SEARCH_PATHS = "$(inherited) @executable_path/Frameworks @loader_path/Frameworks";
				METAL_ENABLE_DEBUG_INFO = YES;
				PRODUCT_NAME = "$(TARGET_NAME)";
				TEST_HOST = "$(BUNDLE_LOADER)";
			};
			name = Debug;
		};
		B1308609197F653A00093A77 /* Release */ = {
			isa = XCBuildConfiguration;
			buildSettings = {
				BUNDLE_LOADER = "$(BUILT_PRODUCTS_DIR)/TestOCLint1.app/TestOCLint1";
				FRAMEWORK_SEARCH_PATHS = (
					"$(SDKROOT)/Developer/Library/Frameworks",
					"$(inherited)",
				);
				INFOPLIST_FILE = TestOCLint1Tests/Info.plist;
				LD_RUNPATH_SEARCH_PATHS = "$(inherited) @executable_path/Frameworks @loader_path/Frameworks";
				METAL_ENABLE_DEBUG_INFO = NO;
				PRODUCT_NAME = "$(TARGET_NAME)";
				TEST_HOST = "$(BUNDLE_LOADER)";
			};
			name = Release;
		};
/* End XCBuildConfiguration section */

/* Begin XCConfigurationList section */
		B13085DF197F653A00093A77 /* Build configuration list for PBXProject "TestOCLint1" */ = {
			isa = XCConfigurationList;
			buildConfigurations = (
				B1308602197F653A00093A77 /* Debug */,
				B1308603197F653A00093A77 /* Release */,
			);
			defaultConfigurationIsVisible = 0;
			defaultConfigurationName = Release;
		};
		B1308604197F653A00093A77 /* Build configuration list for PBXNativeTarget "TestOCLint1" */ = {
			isa = XCConfigurationList;
			buildConfigurations = (
				B1308605197F653A00093A77 /* Debug */,
				B1308606197F653A00093A77 /* Release */,
			);
			defaultConfigurationIsVisible = 0;
			defaultConfigurationName = Release;
		};
		B1308607197F653A00093A77 /* Build configuration list for PBXNativeTarget "TestOCLint1Tests" */ = {
			isa = XCConfigurationList;
			buildConfigurations = (
				B1308608197F653A00093A77 /* Debug */,
				B1308609197F653A00093A77 /* Release */,
			);
			defaultConfigurationIsVisible = 0;
			defaultConfigurationName = Release;
		};
/* End XCConfigurationList section */
	};
	rootObject = B13085DC197F653A00093A77 /* Project object */;
}
